
Microsoft Visual Studio Solution File, Format Version 12.00
# Visual Studio Version 16
VisualStudioVersion = 16.0.29326.143
MinimumVisualStudioVersion = 10.0.40219.1
Project("{2150E333-8FDC-42A3-9474-1A3956D46DE8}") = "PatiValidationCore", "PatiValidationCore", "{2E5F136B-E94A-407C-9C47-BD61DF049F2F}"
EndProject
Project("{2150E333-8FDC-42A3-9474-1A3956D46DE8}") = "src", "src", "{A37E8794-393C-42EE-83EC-D72446C6178A}"
EndProject
Project("{2150E333-8FDC-42A3-9474-1A3956D46DE8}") = "PatiCore", "PatiCore", "{47E1BC8C-2B43-45C6-A126-C11D9EB8BBC2}"
EndProject
Project("{2150E333-8FDC-42A3-9474-1A3956D46DE8}") = "src", "src", "{DCFA308C-08AD-43D2-9690-77359CAA8FE8}"
EndProject
Project("{2150E333-8FDC-42A3-9474-1A3956D46DE8}") = "PatiValidationService", "PatiValidationService", "{CEE463BB-C034-4AE0-B658-FD4B5386DA61}"
EndProject
Project("{2150E333-8FDC-42A3-9474-1A3956D46DE8}") = "src", "src", "{9613F63C-5493-46DD-94DC-8D4C0D0BA9D4}"
EndProject
Project("{2150E333-8FDC-42A3-9474-1A3956D46DE8}") = "PatiMiddleware", "PatiMiddleware", "{9504699B-A7ED-438D-BE88-EC7FD78A408A}"
EndProject
Project("{2150E333-8FDC-42A3-9474-1A3956D46DE8}") = "src", "src", "{E209404E-8FB0-473B-B429-AC26DF7BE3C2}"
EndProject
Project("{2150E333-8FDC-42A3-9474-1A3956D46DE8}") = "PatiValidators", "PatiValidators", "{886CCF1B-9BB7-4274-B393-E1E51D49AB2F}"
EndProject
Project("{2150E333-8FDC-42A3-9474-1A3956D46DE8}") = "src", "src", "{BCBABB6E-8F5E-45D6-9147-418105289D05}"
EndProject
Project("{9A19103F-16F7-4668-BE54-9A1E7A4F7556}") = "Pati.Core", "PatiCore\src\Pati.Core.csproj", "{A3FE9577-C5FC-41EE-87F0-525284807599}"
EndProject
Project("{9A19103F-16F7-4668-BE54-9A1E7A4F7556}") = "Pati.Middleware", "PatiMiddleware\src\Pati.Middleware.csproj", "{6EC2856F-F0F8-4051-8B51-A73817C0C03D}"
EndProject
Project("{9A19103F-16F7-4668-BE54-9A1E7A4F7556}") = "Pati.Validation.Core", "PatiValidationCore\src\Pati.Validation.Core.csproj", "{8BE2D82A-2C55-4317-A87F-3BD4508C9D85}"
EndProject
Project("{9A19103F-16F7-4668-BE54-9A1E7A4F7556}") = "Pati.Validation.Service", "PatiValidationService\src\Pati.Validation.Service.csproj", "{4A8F5CA0-2306-4014-9672-EBCED8A0A528}"
EndProject
Project("{9A19103F-16F7-4668-BE54-9A1E7A4F7556}") = "Pati.Validators", "PatiValidators\src\Pati.Validators.csproj", "{2E24A33B-1751-4697-9D17-712C63724749}"
EndProject
Project("{2150E333-8FDC-42A3-9474-1A3956D46DE8}") = "PatiEFUtils", "PatiEFUtils", "{E5093B0F-A4BD-47F8-A154-276015BAD2BF}"
EndProject
Project("{2150E333-8FDC-42A3-9474-1A3956D46DE8}") = "src", "src", "{808BE63D-EFF6-4F81-B315-B40773231626}"
EndProject
Project("{9A19103F-16F7-4668-BE54-9A1E7A4F7556}") = "Pati.EFUtils", "PatiEFUtils\src\Pati.EFUtils.csproj", "{87F9AD99-3961-44CD-895C-903EE3A7C3CB}"
EndProject
Project("{2150E333-8FDC-42A3-9474-1A3956D46DE8}") = "PaitInfrastructure", "PaitInfrastructure", "{BB3F0C8B-26A1-4CD0-8917-BD9F271F4AB8}"
EndProject
Project("{2150E333-8FDC-42A3-9474-1A3956D46DE8}") = "src", "src", "{1DF96E04-EB72-4B4F-8D21-B03A25F53A7B}"
EndProject
Project("{9A19103F-16F7-4668-BE54-9A1E7A4F7556}") = "Pati.Infrastructure", "PatiInfrastructure\src\Pati.Infrastructure.csproj", "{CFD912F8-075B-43A9-9A41-5A3B97AE9FFB}"
EndProject
Project("{2150E333-8FDC-42A3-9474-1A3956D46DE8}") = "PatiKafkaUtils", "PatiKafkaUtils", "{9AC6AE22-780C-43DB-A812-D9BF97563F43}"
EndProject
Project("{2150E333-8FDC-42A3-9474-1A3956D46DE8}") = "src", "src", "{01B56D19-80AD-4F73-9DC8-B039618034CC}"
EndProject
Project("{9A19103F-16F7-4668-BE54-9A1E7A4F7556}") = "Pati.KafkaUtils", "PatiKafkaUtils\src\Pati.KafkaUtils.csproj", "{29B322C5-66B4-4E58-9DB3-6285287B6F98}"
EndProject
Global
	GlobalSection(SolutionConfigurationPlatforms) = preSolution
		Debug|Any CPU = Debug|Any CPU
		Release|Any CPU = Release|Any CPU
	EndGlobalSection
	GlobalSection(ProjectConfigurationPlatforms) = postSolution
		{A3FE9577-C5FC-41EE-87F0-525284807599}.Debug|Any CPU.ActiveCfg = Debug|Any CPU
		{A3FE9577-C5FC-41EE-87F0-525284807599}.Debug|Any CPU.Build.0 = Debug|Any CPU
		{A3FE9577-C5FC-41EE-87F0-525284807599}.Release|Any CPU.ActiveCfg = Release|Any CPU
		{A3FE9577-C5FC-41EE-87F0-525284807599}.Release|Any CPU.Build.0 = Release|Any CPU
		{6EC2856F-F0F8-4051-8B51-A73817C0C03D}.Debug|Any CPU.ActiveCfg = Debug|Any CPU
		{6EC2856F-F0F8-4051-8B51-A73817C0C03D}.Debug|Any CPU.Build.0 = Debug|Any CPU
		{6EC2856F-F0F8-4051-8B51-A73817C0C03D}.Release|Any CPU.ActiveCfg = Release|Any CPU
		{6EC2856F-F0F8-4051-8B51-A73817C0C03D}.Release|Any CPU.Build.0 = Release|Any CPU
		{8BE2D82A-2C55-4317-A87F-3BD4508C9D85}.Debug|Any CPU.ActiveCfg = Debug|Any CPU
		{8BE2D82A-2C55-4317-A87F-3BD4508C9D85}.Debug|Any CPU.Build.0 = Debug|Any CPU
		{8BE2D82A-2C55-4317-A87F-3BD4508C9D85}.Release|Any CPU.ActiveCfg = Release|Any CPU
		{8BE2D82A-2C55-4317-A87F-3BD4508C9D85}.Release|Any CPU.Build.0 = Release|Any CPU
		{4A8F5CA0-2306-4014-9672-EBCED8A0A528}.Debug|Any CPU.ActiveCfg = Debug|Any CPU
		{4A8F5CA0-2306-4014-9672-EBCED8A0A528}.Debug|Any CPU.Build.0 = Debug|Any CPU
		{4A8F5CA0-2306-4014-9672-EBCED8A0A528}.Release|Any CPU.ActiveCfg = Release|Any CPU
		{4A8F5CA0-2306-4014-9672-EBCED8A0A528}.Release|Any CPU.Build.0 = Release|Any CPU
		{2E24A33B-1751-4697-9D17-712C63724749}.Debug|Any CPU.ActiveCfg = Debug|Any CPU
		{2E24A33B-1751-4697-9D17-712C63724749}.Debug|Any CPU.Build.0 = Debug|Any CPU
		{2E24A33B-1751-4697-9D17-712C63724749}.Release|Any CPU.ActiveCfg = Release|Any CPU
		{2E24A33B-1751-4697-9D17-712C63724749}.Release|Any CPU.Build.0 = Release|Any CPU
		{87F9AD99-3961-44CD-895C-903EE3A7C3CB}.Debug|Any CPU.ActiveCfg = Debug|Any CPU
		{87F9AD99-3961-44CD-895C-903EE3A7C3CB}.Debug|Any CPU.Build.0 = Debug|Any CPU
		{87F9AD99-3961-44CD-895C-903EE3A7C3CB}.Release|Any CPU.ActiveCfg = Release|Any CPU
		{87F9AD99-3961-44CD-895C-903EE3A7C3CB}.Release|Any CPU.Build.0 = Release|Any CPU
		{CFD912F8-075B-43A9-9A41-5A3B97AE9FFB}.Debug|Any CPU.ActiveCfg = Debug|Any CPU
		{CFD912F8-075B-43A9-9A41-5A3B97AE9FFB}.Debug|Any CPU.Build.0 = Debug|Any CPU
		{CFD912F8-075B-43A9-9A41-5A3B97AE9FFB}.Release|Any CPU.ActiveCfg = Release|Any CPU
		{CFD912F8-075B-43A9-9A41-5A3B97AE9FFB}.Release|Any CPU.Build.0 = Release|Any CPU
		{29B322C5-66B4-4E58-9DB3-6285287B6F98}.Debug|Any CPU.ActiveCfg = Debug|Any CPU
		{29B322C5-66B4-4E58-9DB3-6285287B6F98}.Debug|Any CPU.Build.0 = Debug|Any CPU
		{29B322C5-66B4-4E58-9DB3-6285287B6F98}.Release|Any CPU.ActiveCfg = Release|Any CPU
		{29B322C5-66B4-4E58-9DB3-6285287B6F98}.Release|Any CPU.Build.0 = Release|Any CPU
	EndGlobalSection
	GlobalSection(SolutionProperties) = preSolution
		HideSolutionNode = FALSE
	EndGlobalSection
	GlobalSection(NestedProjects) = preSolution
		{A37E8794-393C-42EE-83EC-D72446C6178A} = {2E5F136B-E94A-407C-9C47-BD61DF049F2F}
		{DCFA308C-08AD-43D2-9690-77359CAA8FE8} = {47E1BC8C-2B43-45C6-A126-C11D9EB8BBC2}
		{9613F63C-5493-46DD-94DC-8D4C0D0BA9D4} = {CEE463BB-C034-4AE0-B658-FD4B5386DA61}
		{E209404E-8FB0-473B-B429-AC26DF7BE3C2} = {9504699B-A7ED-438D-BE88-EC7FD78A408A}
		{BCBABB6E-8F5E-45D6-9147-418105289D05} = {886CCF1B-9BB7-4274-B393-E1E51D49AB2F}
		{A3FE9577-C5FC-41EE-87F0-525284807599} = {DCFA308C-08AD-43D2-9690-77359CAA8FE8}
		{6EC2856F-F0F8-4051-8B51-A73817C0C03D} = {E209404E-8FB0-473B-B429-AC26DF7BE3C2}
		{8BE2D82A-2C55-4317-A87F-3BD4508C9D85} = {A37E8794-393C-42EE-83EC-D72446C6178A}
		{4A8F5CA0-2306-4014-9672-EBCED8A0A528} = {9613F63C-5493-46DD-94DC-8D4C0D0BA9D4}
		{2E24A33B-1751-4697-9D17-712C63724749} = {BCBABB6E-8F5E-45D6-9147-418105289D05}
		{808BE63D-EFF6-4F81-B315-B40773231626} = {E5093B0F-A4BD-47F8-A154-276015BAD2BF}
		{87F9AD99-3961-44CD-895C-903EE3A7C3CB} = {808BE63D-EFF6-4F81-B315-B40773231626}
		{1DF96E04-EB72-4B4F-8D21-B03A25F53A7B} = {BB3F0C8B-26A1-4CD0-8917-BD9F271F4AB8}
		{CFD912F8-075B-43A9-9A41-5A3B97AE9FFB} = {1DF96E04-EB72-4B4F-8D21-B03A25F53A7B}
		{01B56D19-80AD-4F73-9DC8-B039618034CC} = {9AC6AE22-780C-43DB-A812-D9BF97563F43}
		{29B322C5-66B4-4E58-9DB3-6285287B6F98} = {01B56D19-80AD-4F73-9DC8-B039618034CC}
	EndGlobalSection
	GlobalSection(ExtensibilityGlobals) = postSolution
		SolutionGuid = {9A7A6AA7-6BC7-43E0-AF83-D72CE00E4ACB}
	EndGlobalSection
EndGlobal
